
Microsoft Visual Studio Solution File, Format Version 12.00
# Visual Studio Version 17
VisualStudioVersion = 17.8.34330.188
MinimumVisualStudioVersion = 10.0.40219.1
Project("{FAE04EC0-301F-11D3-BF4B-00C04F79EFBC}") = "WebApplication7", "WebApplication7\WebApplication7.csproj", "{7FF25949-90B4-4C51-8833-9436D4C6A8E3}"
EndProject
Global
	GlobalSection(SolutionConfigurationPlatforms) = preSolution
		Debug|Any CPU = Debug|Any CPU
		Release|Any CPU = Release|Any CPU
	EndGlobalSection
	GlobalSection(ProjectConfigurationPlatforms) = postSolution
		{7FF25949-90B4-4C51-8833-9436D4C6A8E3}.Debug|Any CPU.ActiveCfg = Debug|Any CPU
		{7FF25949-90B4-4C51-8833-9436D4C6A8E3}.Debug|Any CPU.Build.0 = Debug|Any CPU
		{7FF25949-90B4-4C51-8833-9436D4C6A8E3}.Release|Any CPU.ActiveCfg = Release|Any CPU
		{7FF25949-90B4-4C51-8833-9436D4C6A8E3}.Release|Any CPU.Build.0 = Release|Any CPU
	EndGlobalSection
	GlobalSection(SolutionProperties) = preSolution
		HideSolutionNode = FALSE
	EndGlobalSection
	GlobalSection(ExtensibilityGlobals) = postSolution
		SolutionGuid = {D884884A-E3D8-4186-A2D7-12A5148C565C}
	EndGlobalSection
EndGlobal
